<?xml version="1.0" encoding="utf-8"?>
<Project ToolsVersion="4.0" xmlns="http://schemas.microsoft.com/developer/msbuild/2003">
  <ItemGroup>
    <Filter Include="src">
      <UniqueIdentifier>{2759e085-233b-40ad-9865-7f4f8da77211}</UniqueIdentifier>
    </Filter>
    <Filter Include="src\Blaze">
      <UniqueIdentifier>{0b7577ac-c610-4ec4-bd08-01a006353615}</UniqueIdentifier>
    </Filter>
    <Filter Include="src\Blaze\Core">
      <UniqueIdentifier>{10234563-946c-468b-ba32-f45bc85b59e5}</UniqueIdentifier>
    </Filter>
  </ItemGroup>
  <ItemGroup>
    <ClCompile Include="Input.cpp">
      <Filter>src\Blaze\Core</Filter>
    </ClCompile>
    <ClCompile Include="Logger.cpp">
      <Filter>src\Blaze\Core</Filter>
    </ClCompile>
    <ClCompile Include="Application.cpp">
      <Filter>src\Blaze\Core</Filter>
    </ClCompile>
    <ClCompile Include="Core.hpp">
      <Filter>src\Blaze\Core</Filter>
    </ClCompile>
  </ItemGroup>
  <ItemGroup>
    <ClInclude Include="Blaze.hpp" />
    <ClInclude Include="Input.hpp">
      <Filter>src\Blaze\Core</Filter>
    </ClInclude>
    <ClInclude Include="Logger.hpp">
      <Filter>src\Blaze\Core</Filter>
    </ClInclude>
    <ClInclude Include="Application.hpp">
      <Filter>src\Blaze\Core</Filter>
    </ClInclude>
    <ClInclude Include="EntryPoint.hpp">
      <Filter>src\Blaze\Core</Filter>
    </ClInclude>
  </ItemGroup>
</Project>